
Microsoft Visual Studio Solution File, Format Version 12.00
# Visual Studio Version 17
VisualStudioVersion = 17.10.34916.146
MinimumVisualStudioVersion = 10.0.40219.1
Project("{9A19103F-16F7-4668-BE54-9A1E7A4F7556}") = "AppEnteringTrackingAndOrders", "AppEnteringTrackingAndOrders\AppEnteringTrackingAndOrders.csproj", "{2BE11688-7F17-4D38-9724-3DCA49FBF2A2}"
EndProject
Project("{2150E333-8FDC-42A3-9474-1A3956D46DE8}") = "Элементы решения", "Элементы решения", "{529CE054-0CC1-49EE-B79F-3600DCC79C88}"
EndProject
Global
	GlobalSection(SolutionConfigurationPlatforms) = preSolution
		Debug|Any CPU = Debug|Any CPU
		Release|Any CPU = Release|Any CPU
	EndGlobalSection
	GlobalSection(ProjectConfigurationPlatforms) = postSolution
		{2BE11688-7F17-4D38-9724-3DCA49FBF2A2}.Debug|Any CPU.ActiveCfg = Debug|Any CPU
		{2BE11688-7F17-4D38-9724-3DCA49FBF2A2}.Debug|Any CPU.Build.0 = Debug|Any CPU
		{2BE11688-7F17-4D38-9724-3DCA49FBF2A2}.Release|Any CPU.ActiveCfg = Release|Any CPU
		{2BE11688-7F17-4D38-9724-3DCA49FBF2A2}.Release|Any CPU.Build.0 = Release|Any CPU
	EndGlobalSection
	GlobalSection(SolutionProperties) = preSolution
		HideSolutionNode = FALSE
	EndGlobalSection
	GlobalSection(ExtensibilityGlobals) = postSolution
		SolutionGuid = {1D473241-98D5-4435-9BBA-6F2274331707}
	EndGlobalSection
EndGlobal
